
Microsoft Visual Studio Solution File, Format Version 12.00
# Visual Studio 2013
VisualStudioVersion = 12.0.31101.0
MinimumVisualStudioVersion = 10.0.40219.1
Project("{FAE04EC0-301F-11D3-BF4B-00C04F79EFBC}") = "host", "host\host.csproj", "{BDE561F1-C604-497C-9C59-114C7B070759}"
EndProject
Project("{FAE04EC0-301F-11D3-BF4B-00C04F79EFBC}") = "core", "core\core.csproj", "{05E8D5DB-77B3-4125-8474-3728FDFEA54C}"
EndProject
Project("{2150E333-8FDC-42A3-9474-1A3956D46DE8}") = "[0] core", "[0] core", "{69AFD164-07D6-4DF4-9043-52CAACADFAEF}"
EndProject
Project("{2150E333-8FDC-42A3-9474-1A3956D46DE8}") = "[1] host", "[1] host", "{8603D3A5-7F49-455C-ACF4-963F1BBCAA27}"
EndProject
Project("{2150E333-8FDC-42A3-9474-1A3956D46DE8}") = "[2] depends", "[2] depends", "{BA1417EF-6B96-4EC5-ADAA-EADFCF813E94}"
EndProject
Project("{2150E333-8FDC-42A3-9474-1A3956D46DE8}") = "[3] tests", "[3] tests", "{12423622-5C46-4D96-9A57-C5C2C51D38FF}"
EndProject
Project("{FAE04EC0-301F-11D3-BF4B-00C04F79EFBC}") = "tests", "tests\tests.csproj", "{9B845829-1390-4488-9F09-C2E89CA991AA}"
EndProject
Project("{FAE04EC0-301F-11D3-BF4B-00C04F79EFBC}") = "Orient.Client", "depends\Orient.Client\Orient.Client.csproj", "{224DB9BA-3BA5-4955-B147-E540E1F270DA}"
EndProject
Global
	GlobalSection(SolutionConfigurationPlatforms) = preSolution
		Debug|Any CPU = Debug|Any CPU
		Release|Any CPU = Release|Any CPU
	EndGlobalSection
	GlobalSection(ProjectConfigurationPlatforms) = postSolution
		{BDE561F1-C604-497C-9C59-114C7B070759}.Debug|Any CPU.ActiveCfg = Debug|Any CPU
		{BDE561F1-C604-497C-9C59-114C7B070759}.Debug|Any CPU.Build.0 = Debug|Any CPU
		{BDE561F1-C604-497C-9C59-114C7B070759}.Release|Any CPU.ActiveCfg = Release|Any CPU
		{BDE561F1-C604-497C-9C59-114C7B070759}.Release|Any CPU.Build.0 = Release|Any CPU
		{05E8D5DB-77B3-4125-8474-3728FDFEA54C}.Debug|Any CPU.ActiveCfg = Debug|Any CPU
		{05E8D5DB-77B3-4125-8474-3728FDFEA54C}.Debug|Any CPU.Build.0 = Debug|Any CPU
		{05E8D5DB-77B3-4125-8474-3728FDFEA54C}.Release|Any CPU.ActiveCfg = Release|Any CPU
		{05E8D5DB-77B3-4125-8474-3728FDFEA54C}.Release|Any CPU.Build.0 = Release|Any CPU
		{9B845829-1390-4488-9F09-C2E89CA991AA}.Debug|Any CPU.ActiveCfg = Debug|Any CPU
		{9B845829-1390-4488-9F09-C2E89CA991AA}.Debug|Any CPU.Build.0 = Debug|Any CPU
		{9B845829-1390-4488-9F09-C2E89CA991AA}.Release|Any CPU.ActiveCfg = Release|Any CPU
		{9B845829-1390-4488-9F09-C2E89CA991AA}.Release|Any CPU.Build.0 = Release|Any CPU
		{224DB9BA-3BA5-4955-B147-E540E1F270DA}.Debug|Any CPU.ActiveCfg = Debug|Any CPU
		{224DB9BA-3BA5-4955-B147-E540E1F270DA}.Debug|Any CPU.Build.0 = Debug|Any CPU
		{224DB9BA-3BA5-4955-B147-E540E1F270DA}.Release|Any CPU.ActiveCfg = Release|Any CPU
		{224DB9BA-3BA5-4955-B147-E540E1F270DA}.Release|Any CPU.Build.0 = Release|Any CPU
	EndGlobalSection
	GlobalSection(SolutionProperties) = preSolution
		HideSolutionNode = FALSE
	EndGlobalSection
	GlobalSection(NestedProjects) = preSolution
		{BDE561F1-C604-497C-9C59-114C7B070759} = {8603D3A5-7F49-455C-ACF4-963F1BBCAA27}
		{05E8D5DB-77B3-4125-8474-3728FDFEA54C} = {69AFD164-07D6-4DF4-9043-52CAACADFAEF}
		{9B845829-1390-4488-9F09-C2E89CA991AA} = {12423622-5C46-4D96-9A57-C5C2C51D38FF}
		{224DB9BA-3BA5-4955-B147-E540E1F270DA} = {BA1417EF-6B96-4EC5-ADAA-EADFCF813E94}
	EndGlobalSection
EndGlobal
